// !$*UTF8*$!
{
	archiveVersion = 1;
	classes = {
	};
	objectVersion = 46;
	objects = {

/* Begin PBXBuildFile section */
		A0170A951E9ECF0B00E50EB4 /* ContactPacket.swift in Sources */ = {isa = PBXBuildFile; fileRef = A0170A941E9ECF0B00E50EB4 /* ContactPacket.swift */; };
		A02FCE381E5BB9090022E1C9 /* AppDelegate.swift in Sources */ = {isa = PBXBuildFile; fileRef = A02FCE371E5BB9090022E1C9 /* AppDelegate.swift */; };
		A02FCE3A1E5BB9090022E1C9 /* ViewController.swift in Sources */ = {isa = PBXBuildFile; fileRef = A02FCE391E5BB9090022E1C9 /* ViewController.swift */; };
		A02FCE3D1E5BB9090022E1C9 /* Main.storyboard in Resources */ = {isa = PBXBuildFile; fileRef = A02FCE3B1E5BB9090022E1C9 /* Main.storyboard */; };
		A02FCE401E5BB9090022E1C9 /* BLECoreDataTransfer.xcdatamodeld in Sources */ = {isa = PBXBuildFile; fileRef = A02FCE3E1E5BB9090022E1C9 /* BLECoreDataTransfer.xcdatamodeld */; };
		A02FCE421E5BB9090022E1C9 /* Assets.xcassets in Resources */ = {isa = PBXBuildFile; fileRef = A02FCE411E5BB9090022E1C9 /* Assets.xcassets */; };
		A02FCE451E5BB9090022E1C9 /* LaunchScreen.storyboard in Resources */ = {isa = PBXBuildFile; fileRef = A02FCE431E5BB9090022E1C9 /* LaunchScreen.storyboard */; };
		A02FCE4D1E5BBF9F0022E1C9 /* CentralViewController.swift in Sources */ = {isa = PBXBuildFile; fileRef = A02FCE4C1E5BBF9F0022E1C9 /* CentralViewController.swift */; };
		A02FCE501E5BC1300022E1C9 /* CoreBluetooth.framework in Frameworks */ = {isa = PBXBuildFile; fileRef = A02FCE4F1E5BC1300022E1C9 /* CoreBluetooth.framework */; };
		A02FCE521E5BCB390022E1C9 /* TransferService.swift in Sources */ = {isa = PBXBuildFile; fileRef = A02FCE511E5BCB390022E1C9 /* TransferService.swift */; };
		A02FCE541E5CD7DC0022E1C9 /* PeripheralViewController.swift in Sources */ = {isa = PBXBuildFile; fileRef = A02FCE531E5CD7DC0022E1C9 /* PeripheralViewController.swift */; };
		A02FCE561E5D15E00022E1C9 /* Foundation.framework in Frameworks */ = {isa = PBXBuildFile; fileRef = A02FCE551E5D15E00022E1C9 /* Foundation.framework */; };
		A02FCE581E5E13640022E1C9 /* Utils.swift in Sources */ = {isa = PBXBuildFile; fileRef = A02FCE571E5E13640022E1C9 /* Utils.swift */; };
		A073F1971E98014100BA0231 /* ContactTableViewCell.swift in Sources */ = {isa = PBXBuildFile; fileRef = A073F1961E98014100BA0231 /* ContactTableViewCell.swift */; };
		A073F1991E9812FB00BA0231 /* ContactDetailsViewController.swift in Sources */ = {isa = PBXBuildFile; fileRef = A073F1981E9812FB00BA0231 /* ContactDetailsViewController.swift */; };
		A07722B21E93130500BDA803 /* ContactListViewController.swift in Sources */ = {isa = PBXBuildFile; fileRef = A07722B11E93130500BDA803 /* ContactListViewController.swift */; };
		A07722BD1E9425F800BDA803 /* CoreData.framework in Frameworks */ = {isa = PBXBuildFile; fileRef = A07722BC1E9425F800BDA803 /* CoreData.framework */; };
		A0C42F891E62A58800B1773A /* Central.rtf in Resources */ = {isa = PBXBuildFile; fileRef = A0C42F871E62A58800B1773A /* Central.rtf */; };
		A0C42F8A1E62A58800B1773A /* Peripheral.rtf in Resources */ = {isa = PBXBuildFile; fileRef = A0C42F881E62A58800B1773A /* Peripheral.rtf */; };
/* End PBXBuildFile section */

/* Begin PBXFileReference section */
		A0170A941E9ECF0B00E50EB4 /* ContactPacket.swift */ = {isa = PBXFileReference; fileEncoding = 4; lastKnownFileType = sourcecode.swift; name = ContactPacket.swift; path = Transport/ContactPacket.swift; sourceTree = "<group>"; };
		A02FCE341E5BB9090022E1C9 /* BLECoreDataTransfer.app */ = {isa = PBXFileReference; explicitFileType = wrapper.application; includeInIndex = 0; path = BLECoreDataTransfer.app; sourceTree = BUILT_PRODUCTS_DIR; };
		A02FCE371E5BB9090022E1C9 /* AppDelegate.swift */ = {isa = PBXFileReference; lastKnownFileType = sourcecode.swift; path = AppDelegate.swift; sourceTree = "<group>"; };
		A02FCE391E5BB9090022E1C9 /* ViewController.swift */ = {isa = PBXFileReference; lastKnownFileType = sourcecode.swift; path = ViewController.swift; sourceTree = "<group>"; };
		A02FCE3C1E5BB9090022E1C9 /* Base */ = {isa = PBXFileReference; lastKnownFileType = file.storyboard; name = Base; path = Base.lproj/Main.storyboard; sourceTree = "<group>"; };
		A02FCE3F1E5BB9090022E1C9 /* BLECoreDataTransfer.xcdatamodel */ = {isa = PBXFileReference; lastKnownFileType = wrapper.xcdatamodel; path = BLECoreDataTransfer.xcdatamodel; sourceTree = "<group>"; };
		A02FCE411E5BB9090022E1C9 /* Assets.xcassets */ = {isa = PBXFileReference; lastKnownFileType = folder.assetcatalog; path = Assets.xcassets; sourceTree = "<group>"; };
		A02FCE441E5BB9090022E1C9 /* Base */ = {isa = PBXFileReference; lastKnownFileType = file.storyboard; name = Base; path = Base.lproj/LaunchScreen.storyboard; sourceTree = "<group>"; };
		A02FCE461E5BB9090022E1C9 /* Info.plist */ = {isa = PBXFileReference; lastKnownFileType = text.plist.xml; path = Info.plist; sourceTree = "<group>"; };
		A02FCE4C1E5BBF9F0022E1C9 /* CentralViewController.swift */ = {isa = PBXFileReference; fileEncoding = 4; lastKnownFileType = sourcecode.swift; path = CentralViewController.swift; sourceTree = "<group>"; };
		A02FCE4F1E5BC1300022E1C9 /* CoreBluetooth.framework */ = {isa = PBXFileReference; lastKnownFileType = wrapper.framework; name = CoreBluetooth.framework; path = System/Library/Frameworks/CoreBluetooth.framework; sourceTree = SDKROOT; };
		A02FCE511E5BCB390022E1C9 /* TransferService.swift */ = {isa = PBXFileReference; fileEncoding = 4; lastKnownFileType = sourcecode.swift; path = TransferService.swift; sourceTree = "<group>"; };
		A02FCE531E5CD7DC0022E1C9 /* PeripheralViewController.swift */ = {isa = PBXFileReference; fileEncoding = 4; lastKnownFileType = sourcecode.swift; name = PeripheralViewController.swift; path = ../PeripheralViewController.swift; sourceTree = "<group>"; };
		A02FCE551E5D15E00022E1C9 /* Foundation.framework */ = {isa = PBXFileReference; lastKnownFileType = wrapper.framework; name = Foundation.framework; path = System/Library/Frameworks/Foundation.framework; sourceTree = SDKROOT; };
		A02FCE571E5E13640022E1C9 /* Utils.swift */ = {isa = PBXFileReference; fileEncoding = 4; lastKnownFileType = sourcecode.swift; path = Utils.swift; sourceTree = "<group>"; };
		A073F1961E98014100BA0231 /* ContactTableViewCell.swift */ = {isa = PBXFileReference; fileEncoding = 4; lastKnownFileType = sourcecode.swift; name = ContactTableViewCell.swift; path = "Core Data/ContactTableViewCell.swift"; sourceTree = "<group>"; };
		A073F1981E9812FB00BA0231 /* ContactDetailsViewController.swift */ = {isa = PBXFileReference; fileEncoding = 4; lastKnownFileType = sourcecode.swift; name = ContactDetailsViewController.swift; path = "Core Data/ContactDetailsViewController.swift"; sourceTree = "<group>"; };
		A07722B11E93130500BDA803 /* ContactListViewController.swift */ = {isa = PBXFileReference; fileEncoding = 4; lastKnownFileType = sourcecode.swift; name = ContactListViewController.swift; path = "Core Data/ContactListViewController.swift"; sourceTree = "<group>"; };
		A07722BC1E9425F800BDA803 /* CoreData.framework */ = {isa = PBXFileReference; lastKnownFileType = wrapper.framework; name = CoreData.framework; path = System/Library/Frameworks/CoreData.framework; sourceTree = SDKROOT; };
		A0C42F871E62A58800B1773A /* Central.rtf */ = {isa = PBXFileReference; fileEncoding = 4; lastKnownFileType = text.rtf; name = Central.rtf; path = "BLECoreDataTransfer/Debugging messages/Central.rtf"; sourceTree = "<group>"; };
		A0C42F881E62A58800B1773A /* Peripheral.rtf */ = {isa = PBXFileReference; fileEncoding = 4; lastKnownFileType = text.rtf; name = Peripheral.rtf; path = "BLECoreDataTransfer/Debugging messages/Peripheral.rtf"; sourceTree = "<group>"; };
/* End PBXFileReference section */

/* Begin PBXFrameworksBuildPhase section */
		A02FCE311E5BB9090022E1C9 /* Frameworks */ = {
			isa = PBXFrameworksBuildPhase;
			buildActionMask = 2147483647;
			files = (
				A07722BD1E9425F800BDA803 /* CoreData.framework in Frameworks */,
				A02FCE561E5D15E00022E1C9 /* Foundation.framework in Frameworks */,
				A02FCE501E5BC1300022E1C9 /* CoreBluetooth.framework in Frameworks */,
			);
			runOnlyForDeploymentPostprocessing = 0;
		};
/* End PBXFrameworksBuildPhase section */

/* Begin PBXGroup section */
		A0170A931E9ECE9300E50EB4 /* Transport */ = {
			isa = PBXGroup;
			children = (
				A0170A941E9ECF0B00E50EB4 /* ContactPacket.swift */,
			);
			name = Transport;
			sourceTree = "<group>";
		};
		A02FCE2B1E5BB9090022E1C9 = {
			isa = PBXGroup;
			children = (
				A0C42F861E62A55F00B1773A /* Debugging Messages */,
				A02FCE361E5BB9090022E1C9 /* BLECoreDataTransfer */,
				A02FCE351E5BB9090022E1C9 /* Products */,
				A02FCE4E1E5BC1300022E1C9 /* Frameworks */,
			);
			sourceTree = "<group>";
		};
		A02FCE351E5BB9090022E1C9 /* Products */ = {
			isa = PBXGroup;
			children = (
				A02FCE341E5BB9090022E1C9 /* BLECoreDataTransfer.app */,
			);
			name = Products;
			sourceTree = "<group>";
		};
		A02FCE361E5BB9090022E1C9 /* BLECoreDataTransfer */ = {
			isa = PBXGroup;
			children = (
				A0170A931E9ECE9300E50EB4 /* Transport */,
				A07722B01E93127100BDA803 /* Core Data */,
				A02FCE371E5BB9090022E1C9 /* AppDelegate.swift */,
				A02FCE391E5BB9090022E1C9 /* ViewController.swift */,
				A02FCE3B1E5BB9090022E1C9 /* Main.storyboard */,
				A02FCE411E5BB9090022E1C9 /* Assets.xcassets */,
				A02FCE431E5BB9090022E1C9 /* LaunchScreen.storyboard */,
				A02FCE461E5BB9090022E1C9 /* Info.plist */,
				A02FCE3E1E5BB9090022E1C9 /* BLECoreDataTransfer.xcdatamodeld */,
				A02FCE4C1E5BBF9F0022E1C9 /* CentralViewController.swift */,
				A02FCE531E5CD7DC0022E1C9 /* PeripheralViewController.swift */,
				A02FCE511E5BCB390022E1C9 /* TransferService.swift */,
				A02FCE571E5E13640022E1C9 /* Utils.swift */,
			);
			path = BLECoreDataTransfer;
			sourceTree = "<group>";
		};
		A02FCE4E1E5BC1300022E1C9 /* Frameworks */ = {
			isa = PBXGroup;
			children = (
				A07722BC1E9425F800BDA803 /* CoreData.framework */,
				A02FCE551E5D15E00022E1C9 /* Foundation.framework */,
				A02FCE4F1E5BC1300022E1C9 /* CoreBluetooth.framework */,
			);
			name = Frameworks;
			sourceTree = "<group>";
		};
		A07722B01E93127100BDA803 /* Core Data */ = {
			isa = PBXGroup;
			children = (
				A07722B71E94246000BDA803 /* Managed Objects */,
				A07722B11E93130500BDA803 /* ContactListViewController.swift */,
				A073F1961E98014100BA0231 /* ContactTableViewCell.swift */,
				A073F1981E9812FB00BA0231 /* ContactDetailsViewController.swift */,
			);
			name = "Core Data";
			sourceTree = "<group>";
		};
		A07722B71E94246000BDA803 /* Managed Objects */ = {
			isa = PBXGroup;
			children = (
			);
			name = "Managed Objects";
			sourceTree = "<group>";
		};
		A0C42F861E62A55F00B1773A /* Debugging Messages */ = {
			isa = PBXGroup;
			children = (
				A0C42F871E62A58800B1773A /* Central.rtf */,
				A0C42F881E62A58800B1773A /* Peripheral.rtf */,
			);
			name = "Debugging Messages";
			sourceTree = "<group>";
		};
/* End PBXGroup section */

/* Begin PBXNativeTarget section */
		A02FCE331E5BB9090022E1C9 /* BLECoreDataTransfer */ = {
			isa = PBXNativeTarget;
			buildConfigurationList = A02FCE491E5BB9090022E1C9 /* Build configuration list for PBXNativeTarget "BLECoreDataTransfer" */;
			buildPhases = (
				A02FCE301E5BB9090022E1C9 /* Sources */,
				A02FCE311E5BB9090022E1C9 /* Frameworks */,
				A02FCE321E5BB9090022E1C9 /* Resources */,
			);
			buildRules = (
			);
			dependencies = (
			);
			name = BLECoreDataTransfer;
			productName = BLECoreDataTransfer;
			productReference = A02FCE341E5BB9090022E1C9 /* BLECoreDataTransfer.app */;
			productType = "com.apple.product-type.application";
		};
/* End PBXNativeTarget section */

/* Begin PBXProject section */
		A02FCE2C1E5BB9090022E1C9 /* Project object */ = {
			isa = PBXProject;
			attributes = {
				LastSwiftUpdateCheck = 0820;
				LastUpgradeCheck = 0820;
				ORGANIZATIONNAME = "Peter Ho";
				TargetAttributes = {
					A02FCE331E5BB9090022E1C9 = {
						CreatedOnToolsVersion = 8.2.1;
						DevelopmentTeam = DXP699E3A7;
						ProvisioningStyle = Automatic;
						SystemCapabilities = {
							com.apple.BackgroundModes = {
								enabled = 1;
							};
						};
					};
				};
			};
			buildConfigurationList = A02FCE2F1E5BB9090022E1C9 /* Build configuration list for PBXProject "BLECoreDataTransfer" */;
			compatibilityVersion = "Xcode 3.2";
			developmentRegion = English;
			hasScannedForEncodings = 0;
			knownRegions = (
				en,
				Base,
			);
			mainGroup = A02FCE2B1E5BB9090022E1C9;
			productRefGroup = A02FCE351E5BB9090022E1C9 /* Products */;
			projectDirPath = "";
			projectRoot = "";
			targets = (
				A02FCE331E5BB9090022E1C9 /* BLECoreDataTransfer */,
			);
		};
/* End PBXProject section */

/* Begin PBXResourcesBuildPhase section */
		A02FCE321E5BB9090022E1C9 /* Resources */ = {
			isa = PBXResourcesBuildPhase;
			buildActionMask = 2147483647;
			files = (
				A02FCE451E5BB9090022E1C9 /* LaunchScreen.storyboard in Resources */,
				A0C42F8A1E62A58800B1773A /* Peripheral.rtf in Resources */,
				A02FCE421E5BB9090022E1C9 /* Assets.xcassets in Resources */,
				A0C42F891E62A58800B1773A /* Central.rtf in Resources */,
				A02FCE3D1E5BB9090022E1C9 /* Main.storyboard in Resources */,
			);
			runOnlyForDeploymentPostprocessing = 0;
		};
/* End PBXResourcesBuildPhase section */

/* Begin PBXSourcesBuildPhase section */
		A02FCE301E5BB9090022E1C9 /* Sources */ = {
			isa = PBXSourcesBuildPhase;
			buildActionMask = 2147483647;
			files = (
				A073F1991E9812FB00BA0231 /* ContactDetailsViewController.swift in Sources */,
				A02FCE521E5BCB390022E1C9 /* TransferService.swift in Sources */,
				A07722B21E93130500BDA803 /* ContactListViewController.swift in Sources */,
				A02FCE3A1E5BB9090022E1C9 /* ViewController.swift in Sources */,
				A0170A951E9ECF0B00E50EB4 /* ContactPacket.swift in Sources */,
				A02FCE381E5BB9090022E1C9 /* AppDelegate.swift in Sources */,
				A02FCE581E5E13640022E1C9 /* Utils.swift in Sources */,
				A02FCE4D1E5BBF9F0022E1C9 /* CentralViewController.swift in Sources */,
				A073F1971E98014100BA0231 /* ContactTableViewCell.swift in Sources */,
				A02FCE541E5CD7DC0022E1C9 /* PeripheralViewController.swift in Sources */,
				A02FCE401E5BB9090022E1C9 /* BLECoreDataTransfer.xcdatamodeld in Sources */,
			);
			runOnlyForDeploymentPostprocessing = 0;
		};
/* End PBXSourcesBuildPhase section */

/* Begin PBXVariantGroup section */
		A02FCE3B1E5BB9090022E1C9 /* Main.storyboard */ = {
			isa = PBXVariantGroup;
			children = (
				A02FCE3C1E5BB9090022E1C9 /* Base */,
			);
			name = Main.storyboard;
			sourceTree = "<group>";
		};
		A02FCE431E5BB9090022E1C9 /* LaunchScreen.storyboard */ = {
			isa = PBXVariantGroup;
			children = (
				A02FCE441E5BB9090022E1C9 /* Base */,
			);
			name = LaunchScreen.storyboard;
			sourceTree = "<group>";
		};
/* End PBXVariantGroup section */

/* Begin XCBuildConfiguration section */
		A02FCE471E5BB9090022E1C9 /* Debug */ = {
			isa = XCBuildConfiguration;
			buildSettings = {
				ALWAYS_SEARCH_USER_PATHS = NO;
				CLANG_ANALYZER_NONNULL = YES;
				CLANG_CXX_LANGUAGE_STANDARD = "gnu++0x";
				CLANG_CXX_LIBRARY = "libc++";
				CLANG_ENABLE_MODULES = YES;
				CLANG_ENABLE_OBJC_ARC = YES;
				CLANG_WARN_BOOL_CONVERSION = YES;
				CLANG_WARN_CONSTANT_CONVERSION = YES;
				CLANG_WARN_DIRECT_OBJC_ISA_USAGE = YES_ERROR;
				CLANG_WARN_DOCUMENTATION_COMMENTS = YES;
				CLANG_WARN_EMPTY_BODY = YES;
				CLANG_WARN_ENUM_CONVERSION = YES;
				CLANG_WARN_INFINITE_RECURSION = YES;
				CLANG_WARN_INT_CONVERSION = YES;
				CLANG_WARN_OBJC_ROOT_CLASS = YES_ERROR;
				CLANG_WARN_SUSPICIOUS_MOVE = YES;
				CLANG_WARN_UNREACHABLE_CODE = YES;
				CLANG_WARN__DUPLICATE_METHOD_MATCH = YES;
				"CODE_SIGN_IDENTITY[sdk=iphoneos*]" = "iPhone Developer";
				COPY_PHASE_STRIP = NO;
				DEBUG_INFORMATION_FORMAT = dwarf;
				ENABLE_STRICT_OBJC_MSGSEND = YES;
				ENABLE_TESTABILITY = YES;
				GCC_C_LANGUAGE_STANDARD = gnu99;
				GCC_DYNAMIC_NO_PIC = NO;
				GCC_NO_COMMON_BLOCKS = YES;
				GCC_OPTIMIZATION_LEVEL = 0;
				GCC_PREPROCESSOR_DEFINITIONS = (
					"DEBUG=1",
					"$(inherited)",
				);
				GCC_WARN_64_TO_32_BIT_CONVERSION = YES;
				GCC_WARN_ABOUT_RETURN_TYPE = YES_ERROR;
				GCC_WARN_UNDECLARED_SELECTOR = YES;
				GCC_WARN_UNINITIALIZED_AUTOS = YES_AGGRESSIVE;
				GCC_WARN_UNUSED_FUNCTION = YES;
				GCC_WARN_UNUSED_VARIABLE = YES;
				IPHONEOS_DEPLOYMENT_TARGET = 10.0;
				MTL_ENABLE_DEBUG_INFO = YES;
				ONLY_ACTIVE_ARCH = YES;
				SDKROOT = iphoneos;
				SWIFT_ACTIVE_COMPILATION_CONDITIONS = DEBUG;
				SWIFT_OPTIMIZATION_LEVEL = "-Onone";
			};
			name = Debug;
		};
		A02FCE481E5BB9090022E1C9 /* Release */ = {
			isa = XCBuildConfiguration;
			buildSettings = {
				ALWAYS_SEARCH_USER_PATHS = NO;
				CLANG_ANALYZER_NONNULL = YES;
				CLANG_CXX_LANGUAGE_STANDARD = "gnu++0x";
				CLANG_CXX_LIBRARY = "libc++";
				CLANG_ENABLE_MODULES = YES;
				CLANG_ENABLE_OBJC_ARC = YES;
				CLANG_WARN_BOOL_CONVERSION = YES;
				CLANG_WARN_CONSTANT_CONVERSION = YES;
				CLANG_WARN_DIRECT_OBJC_ISA_USAGE = YES_ERROR;
				CLANG_WARN_DOCUMENTATION_COMMENTS = YES;
				CLANG_WARN_EMPTY_BODY = YES;
				CLANG_WARN_ENUM_CONVERSION = YES;
				CLANG_WARN_INFINITE_RECURSION = YES;
				CLANG_WARN_INT_CONVERSION = YES;
				CLANG_WARN_OBJC_ROOT_CLASS = YES_ERROR;
				CLANG_WARN_SUSPICIOUS_MOVE = YES;
				CLANG_WARN_UNREACHABLE_CODE = YES;
				CLANG_WARN__DUPLICATE_METHOD_MATCH = YES;
				"CODE_SIGN_IDENTITY[sdk=iphoneos*]" = "iPhone Developer";
				COPY_PHASE_STRIP = NO;
				DEBUG_INFORMATION_FORMAT = "dwarf-with-dsym";
				ENABLE_NS_ASSERTIONS = NO;
				ENABLE_STRICT_OBJC_MSGSEND = YES;
				GCC_C_LANGUAGE_STANDARD = gnu99;
				GCC_NO_COMMON_BLOCKS = YES;
				GCC_WARN_64_TO_32_BIT_CONVERSION = YES;
				GCC_WARN_ABOUT_RETURN_TYPE = YES_ERROR;
				GCC_WARN_UNDECLARED_SELECTOR = YES;
				GCC_WARN_UNINITIALIZED_AUTOS = YES_AGGRESSIVE;
				GCC_WARN_UNUSED_FUNCTION = YES;
				GCC_WARN_UNUSED_VARIABLE = YES;
				IPHONEOS_DEPLOYMENT_TARGET = 10.0;
				MTL_ENABLE_DEBUG_INFO = NO;
				SDKROOT = iphoneos;
				SWIFT_OPTIMIZATION_LEVEL = "-Owholemodule";
				VALIDATE_PRODUCT = YES;
			};
			name = Release;
		};
		A02FCE4A1E5BB9090022E1C9 /* Debug */ = {
			isa = XCBuildConfiguration;
			buildSettings = {
				ASSETCATALOG_COMPILER_APPICON_NAME = AppIcon;
				DEVELOPMENT_TEAM = DXP699E3A7;
				INFOPLIST_FILE = BLECoreDataTransfer/Info.plist;
				LD_RUNPATH_SEARCH_PATHS = "$(inherited) @executable_path/Frameworks";
				PRODUCT_BUNDLE_IDENTIFIER = com.douglaslightingcontrols.BLECoreDataTransfer;
				PRODUCT_NAME = "$(TARGET_NAME)";
				SWIFT_VERSION = 3.0;
				TARGETED_DEVICE_FAMILY = "1,2";
			};
			name = Debug;
		};
		A02FCE4B1E5BB9090022E1C9 /* Release */ = {
			isa = XCBuildConfiguration;
			buildSettings = {
				ASSETCATALOG_COMPILER_APPICON_NAME = AppIcon;
				DEVELOPMENT_TEAM = DXP699E3A7;
				INFOPLIST_FILE = BLECoreDataTransfer/Info.plist;
				LD_RUNPATH_SEARCH_PATHS = "$(inherited) @executable_path/Frameworks";
				PRODUCT_BUNDLE_IDENTIFIER = com.douglaslightingcontrols.BLECoreDataTransfer;
				PRODUCT_NAME = "$(TARGET_NAME)";
				SWIFT_VERSION = 3.0;
				TARGETED_DEVICE_FAMILY = "1,2";
			};
			name = Release;
		};
/* End XCBuildConfiguration section */

/* Begin XCConfigurationList section */
		A02FCE2F1E5BB9090022E1C9 /* Build configuration list for PBXProject "BLECoreDataTransfer" */ = {
			isa = XCConfigurationList;
			buildConfigurations = (
				A02FCE471E5BB9090022E1C9 /* Debug */,
				A02FCE481E5BB9090022E1C9 /* Release */,
			);
			defaultConfigurationIsVisible = 0;
			defaultConfigurationName = Release;
		};
		A02FCE491E5BB9090022E1C9 /* Build configuration list for PBXNativeTarget "BLECoreDataTransfer" */ = {
			isa = XCConfigurationList;
			buildConfigurations = (
				A02FCE4A1E5BB9090022E1C9 /* Debug */,
				A02FCE4B1E5BB9090022E1C9 /* Release */,
			);
			defaultConfigurationIsVisible = 0;
			defaultConfigurationName = Release;
		};
/* End XCConfigurationList section */

/* Begin XCVersionGroup section */
		A02FCE3E1E5BB9090022E1C9 /* BLECoreDataTransfer.xcdatamodeld */ = {
			isa = XCVersionGroup;
			children = (
				A02FCE3F1E5BB9090022E1C9 /* BLECoreDataTransfer.xcdatamodel */,
			);
			currentVersion = A02FCE3F1E5BB9090022E1C9 /* BLECoreDataTransfer.xcdatamodel */;
			path = BLECoreDataTransfer.xcdatamodeld;
			sourceTree = "<group>";
			versionGroupType = wrapper.xcdatamodel;
		};
/* End XCVersionGroup section */
	};
	rootObject = A02FCE2C1E5BB9090022E1C9 /* Project object */;
}
